
Microsoft Visual Studio Solution File, Format Version 12.00
# Visual Studio Version 16
VisualStudioVersion = 16.0.29215.179
MinimumVisualStudioVersion = 10.0.40219.1
Project("{FAE04EC0-301F-11D3-BF4B-00C04F79EFBC}") = "Mocha_Finance", "Mocha_Finance\Mocha_Finance.csproj", "{4A402866-BE45-45AB-8FA4-428F2F11818B}"
EndProject
Global
	GlobalSection(SolutionConfigurationPlatforms) = preSolution
		Debug|Any CPU = Debug|Any CPU
		Release|Any CPU = Release|Any CPU
	EndGlobalSection
	GlobalSection(ProjectConfigurationPlatforms) = postSolution
		{4A402866-BE45-45AB-8FA4-428F2F11818B}.Debug|Any CPU.ActiveCfg = Debug|Any CPU
		{4A402866-BE45-45AB-8FA4-428F2F11818B}.Debug|Any CPU.Build.0 = Debug|Any CPU
		{4A402866-BE45-45AB-8FA4-428F2F11818B}.Release|Any CPU.ActiveCfg = Release|Any CPU
		{4A402866-BE45-45AB-8FA4-428F2F11818B}.Release|Any CPU.Build.0 = Release|Any CPU
	EndGlobalSection
	GlobalSection(SolutionProperties) = preSolution
		HideSolutionNode = FALSE
	EndGlobalSection
	GlobalSection(ExtensibilityGlobals) = postSolution
		SolutionGuid = {74ED4476-344E-4B60-BDC5-1284FA64788D}
	EndGlobalSection
EndGlobal
